
Microsoft Visual Studio Solution File, Format Version 12.00
# Visual Studio Version 16
VisualStudioVersion = 16.0.31613.86
MinimumVisualStudioVersion = 10.0.40219.1
Project("{FAE04EC0-301F-11D3-BF4B-00C04F79EFBC}") = "SkinPackCreatorForMinecraft", "SkinPackCreatorForMinecraft\SkinPackCreatorForMinecraft.csproj", "{6387851F-3E80-4DF4-9B46-FC53CDD37860}"
EndProject
Global
	GlobalSection(SolutionConfigurationPlatforms) = preSolution
		Debug|Any CPU = Debug|Any CPU
		Release|Any CPU = Release|Any CPU
	EndGlobalSection
	GlobalSection(ProjectConfigurationPlatforms) = postSolution
		{6387851F-3E80-4DF4-9B46-FC53CDD37860}.Debug|Any CPU.ActiveCfg = Debug|Any CPU
		{6387851F-3E80-4DF4-9B46-FC53CDD37860}.Debug|Any CPU.Build.0 = Debug|Any CPU
		{6387851F-3E80-4DF4-9B46-FC53CDD37860}.Release|Any CPU.ActiveCfg = Release|Any CPU
		{6387851F-3E80-4DF4-9B46-FC53CDD37860}.Release|Any CPU.Build.0 = Release|Any CPU
	EndGlobalSection
	GlobalSection(SolutionProperties) = preSolution
		HideSolutionNode = FALSE
	EndGlobalSection
	GlobalSection(ExtensibilityGlobals) = postSolution
		SolutionGuid = {DB00D521-B748-4491-944A-2A0171B67C10}
	EndGlobalSection
EndGlobal
